// !$*UTF8*$!
{
	archiveVersion = 1;
	classes = {
	};
	objectVersion = 48;
	objects = {

/* Begin PBXBuildFile section */
		0E81B9242024EAB80068096A /* AppDelegate.swift in Sources */ = {isa = PBXBuildFile; fileRef = 0E81B9232024EAB80068096A /* AppDelegate.swift */; };
		0E81B9262024EAB90068096A /* ViewController.swift in Sources */ = {isa = PBXBuildFile; fileRef = 0E81B9252024EAB90068096A /* ViewController.swift */; };
		0E81B9292024EAB90068096A /* Main.storyboard in Resources */ = {isa = PBXBuildFile; fileRef = 0E81B9272024EAB90068096A /* Main.storyboard */; };
		0E81B92B2024EAB90068096A /* Assets.xcassets in Resources */ = {isa = PBXBuildFile; fileRef = 0E81B92A2024EAB90068096A /* Assets.xcassets */; };
		0E81B92E2024EAB90068096A /* LaunchScreen.storyboard in Resources */ = {isa = PBXBuildFile; fileRef = 0E81B92C2024EAB90068096A /* LaunchScreen.storyboard */; };
		0E81B9382024F0930068096A /* iris_logistic_regression.mlmodel in Sources */ = {isa = PBXBuildFile; fileRef = 0E81B9362024F0930068096A /* iris_logistic_regression.mlmodel */; };
		0E81B9392024F0930068096A /* README.md in Resources */ = {isa = PBXBuildFile; fileRef = 0E81B9372024F0930068096A /* README.md */; };
		357F168A12053C6507206E8F /* Pods_IrisTest.framework in Frameworks */ = {isa = PBXBuildFile; fileRef = 4A6227D94C385079397B4B7F /* Pods_IrisTest.framework */; };
/* End PBXBuildFile section */

/* Begin PBXFileReference section */
		0E81B9202024EAB80068096A /* IrisTest.app */ = {isa = PBXFileReference; explicitFileType = wrapper.application; includeInIndex = 0; path = IrisTest.app; sourceTree = BUILT_PRODUCTS_DIR; };
		0E81B9232024EAB80068096A /* AppDelegate.swift */ = {isa = PBXFileReference; lastKnownFileType = sourcecode.swift; path = AppDelegate.swift; sourceTree = "<group>"; };
		0E81B9252024EAB90068096A /* ViewController.swift */ = {isa = PBXFileReference; lastKnownFileType = sourcecode.swift; path = ViewController.swift; sourceTree = "<group>"; };
		0E81B9282024EAB90068096A /* Base */ = {isa = PBXFileReference; lastKnownFileType = file.storyboard; name = Base; path = Base.lproj/Main.storyboard; sourceTree = "<group>"; };
		0E81B92A2024EAB90068096A /* Assets.xcassets */ = {isa = PBXFileReference; lastKnownFileType = folder.assetcatalog; path = Assets.xcassets; sourceTree = "<group>"; };
		0E81B92D2024EAB90068096A /* Base */ = {isa = PBXFileReference; lastKnownFileType = file.storyboard; name = Base; path = Base.lproj/LaunchScreen.storyboard; sourceTree = "<group>"; };
		0E81B92F2024EAB90068096A /* Info.plist */ = {isa = PBXFileReference; lastKnownFileType = text.plist.xml; path = Info.plist; sourceTree = "<group>"; };
		0E81B9362024F0930068096A /* iris_logistic_regression.mlmodel */ = {isa = PBXFileReference; lastKnownFileType = file.mlmodel; path = iris_logistic_regression.mlmodel; sourceTree = "<group>"; };
		0E81B9372024F0930068096A /* README.md */ = {isa = PBXFileReference; fileEncoding = 4; lastKnownFileType = net.daringfireball.markdown; path = README.md; sourceTree = "<group>"; };
		46A2A27CF21CB6B313FBD3C0 /* Pods-IrisTest.debug.xcconfig */ = {isa = PBXFileReference; includeInIndex = 1; lastKnownFileType = text.xcconfig; name = "Pods-IrisTest.debug.xcconfig"; path = "Pods/Target Support Files/Pods-IrisTest/Pods-IrisTest.debug.xcconfig"; sourceTree = "<group>"; };
		4A6227D94C385079397B4B7F /* Pods_IrisTest.framework */ = {isa = PBXFileReference; explicitFileType = wrapper.framework; includeInIndex = 0; path = Pods_IrisTest.framework; sourceTree = BUILT_PRODUCTS_DIR; };
		B07B97DA4B440C7DADDC2960 /* Pods-IrisTest.release.xcconfig */ = {isa = PBXFileReference; includeInIndex = 1; lastKnownFileType = text.xcconfig; name = "Pods-IrisTest.release.xcconfig"; path = "Pods/Target Support Files/Pods-IrisTest/Pods-IrisTest.release.xcconfig"; sourceTree = "<group>"; };
/* End PBXFileReference section */

/* Begin PBXFrameworksBuildPhase section */
		0E81B91D2024EAB80068096A /* Frameworks */ = {
			isa = PBXFrameworksBuildPhase;
			buildActionMask = 2147483647;
			files = (
				357F168A12053C6507206E8F /* Pods_IrisTest.framework in Frameworks */,
			);
			runOnlyForDeploymentPostprocessing = 0;
		};
/* End PBXFrameworksBuildPhase section */

/* Begin PBXGroup section */
		0E81B9172024EAB80068096A = {
			isa = PBXGroup;
			children = (
				0E81B9352024F0930068096A /* Model */,
				0E81B9222024EAB80068096A /* IrisTest */,
				0E81B9212024EAB80068096A /* Products */,
				E2D0F4807C424589A32F6CF0 /* Pods */,
				B0B62A6EF4178CA3FDF91474 /* Frameworks */,
			);
			sourceTree = "<group>";
		};
		0E81B9212024EAB80068096A /* Products */ = {
			isa = PBXGroup;
			children = (
				0E81B9202024EAB80068096A /* IrisTest.app */,
			);
			name = Products;
			sourceTree = "<group>";
		};
		0E81B9222024EAB80068096A /* IrisTest */ = {
			isa = PBXGroup;
			children = (
				0E81B9232024EAB80068096A /* AppDelegate.swift */,
				0E81B9252024EAB90068096A /* ViewController.swift */,
				0E81B9272024EAB90068096A /* Main.storyboard */,
				0E81B92A2024EAB90068096A /* Assets.xcassets */,
				0E81B92C2024EAB90068096A /* LaunchScreen.storyboard */,
				0E81B92F2024EAB90068096A /* Info.plist */,
			);
			path = IrisTest;
			sourceTree = "<group>";
		};
		0E81B9352024F0930068096A /* Model */ = {
			isa = PBXGroup;
			children = (
				0E81B9362024F0930068096A /* iris_logistic_regression.mlmodel */,
				0E81B9372024F0930068096A /* README.md */,
			);
			path = Model;
			sourceTree = "<group>";
		};
		B0B62A6EF4178CA3FDF91474 /* Frameworks */ = {
			isa = PBXGroup;
			children = (
				4A6227D94C385079397B4B7F /* Pods_IrisTest.framework */,
			);
			name = Frameworks;
			sourceTree = "<group>";
		};
		E2D0F4807C424589A32F6CF0 /* Pods */ = {
			isa = PBXGroup;
			children = (
				46A2A27CF21CB6B313FBD3C0 /* Pods-IrisTest.debug.xcconfig */,
				B07B97DA4B440C7DADDC2960 /* Pods-IrisTest.release.xcconfig */,
			);
			name = Pods;
			sourceTree = "<group>";
		};
/* End PBXGroup section */

/* Begin PBXNativeTarget section */
		0E81B91F2024EAB80068096A /* IrisTest */ = {
			isa = PBXNativeTarget;
			buildConfigurationList = 0E81B9322024EAB90068096A /* Build configuration list for PBXNativeTarget "IrisTest" */;
			buildPhases = (
				4B88601E8AA691AEBA758449 /* [CP] Check Pods Manifest.lock */,
				0E81B91C2024EAB80068096A /* Sources */,
				0E81B91D2024EAB80068096A /* Frameworks */,
				0E81B91E2024EAB80068096A /* Resources */,
				92DC1980885D4C6A7580A4ED /* [CP] Embed Pods Frameworks */,
				214F3C26515667344E1CA8D7 /* [CP] Copy Pods Resources */,
			);
			buildRules = (
			);
			dependencies = (
			);
			name = IrisTest;
			productName = IrisTest;
			productReference = 0E81B9202024EAB80068096A /* IrisTest.app */;
			productType = "com.apple.product-type.application";
		};
/* End PBXNativeTarget section */

/* Begin PBXProject section */
		0E81B9182024EAB80068096A /* Project object */ = {
			isa = PBXProject;
			attributes = {
				LastSwiftUpdateCheck = 0920;
				LastUpgradeCheck = 0920;
				ORGANIZATIONNAME = "Arthur ";
				TargetAttributes = {
					0E81B91F2024EAB80068096A = {
						CreatedOnToolsVersion = 9.2;
						ProvisioningStyle = Automatic;
					};
				};
			};
			buildConfigurationList = 0E81B91B2024EAB80068096A /* Build configuration list for PBXProject "IrisTest" */;
			compatibilityVersion = "Xcode 8.0";
			developmentRegion = en;
			hasScannedForEncodings = 0;
			knownRegions = (
				en,
				Base,
			);
			mainGroup = 0E81B9172024EAB80068096A;
			productRefGroup = 0E81B9212024EAB80068096A /* Products */;
			projectDirPath = "";
			projectRoot = "";
			targets = (
				0E81B91F2024EAB80068096A /* IrisTest */,
			);
		};
/* End PBXProject section */

/* Begin PBXResourcesBuildPhase section */
		0E81B91E2024EAB80068096A /* Resources */ = {
			isa = PBXResourcesBuildPhase;
			buildActionMask = 2147483647;
			files = (
				0E81B92E2024EAB90068096A /* LaunchScreen.storyboard in Resources */,
				0E81B92B2024EAB90068096A /* Assets.xcassets in Resources */,
				0E81B9392024F0930068096A /* README.md in Resources */,
				0E81B9292024EAB90068096A /* Main.storyboard in Resources */,
			);
			runOnlyForDeploymentPostprocessing = 0;
		};
/* End PBXResourcesBuildPhase section */

/* Begin PBXShellScriptBuildPhase section */
		214F3C26515667344E1CA8D7 /* [CP] Copy Pods Resources */ = {
			isa = PBXShellScriptBuildPhase;
			buildActionMask = 2147483647;
			files = (
			);
			inputPaths = (
			);
			name = "[CP] Copy Pods Resources";
			outputPaths = (
			);
			runOnlyForDeploymentPostprocessing = 0;
			shellPath = /bin/sh;
			shellScript = "\"${SRCROOT}/Pods/Target Support Files/Pods-IrisTest/Pods-IrisTest-resources.sh\"\n";
			showEnvVarsInLog = 0;
		};
		4B88601E8AA691AEBA758449 /* [CP] Check Pods Manifest.lock */ = {
			isa = PBXShellScriptBuildPhase;
			buildActionMask = 2147483647;
			files = (
			);
			inputPaths = (
				"${PODS_PODFILE_DIR_PATH}/Podfile.lock",
				"${PODS_ROOT}/Manifest.lock",
			);
			name = "[CP] Check Pods Manifest.lock";
			outputPaths = (
				"$(DERIVED_FILE_DIR)/Pods-IrisTest-checkManifestLockResult.txt",
			);
			runOnlyForDeploymentPostprocessing = 0;
			shellPath = /bin/sh;
			shellScript = "diff \"${PODS_PODFILE_DIR_PATH}/Podfile.lock\" \"${PODS_ROOT}/Manifest.lock\" > /dev/null\nif [ $? != 0 ] ; then\n    # print error to STDERR\n    echo \"error: The sandbox is not in sync with the Podfile.lock. Run 'pod install' or update your CocoaPods installation.\" >&2\n    exit 1\nfi\n# This output is used by Xcode 'outputs' to avoid re-running this script phase.\necho \"SUCCESS\" > \"${SCRIPT_OUTPUT_FILE_0}\"\n";
			showEnvVarsInLog = 0;
		};
		92DC1980885D4C6A7580A4ED /* [CP] Embed Pods Frameworks */ = {
			isa = PBXShellScriptBuildPhase;
			buildActionMask = 2147483647;
			files = (
			);
			inputPaths = (
				"${SRCROOT}/Pods/Target Support Files/Pods-IrisTest/Pods-IrisTest-frameworks.sh",
				"${BUILT_PRODUCTS_DIR}/RxCocoa/RxCocoa.framework",
				"${BUILT_PRODUCTS_DIR}/RxSwift/RxSwift.framework",
			);
			name = "[CP] Embed Pods Frameworks";
			outputPaths = (
				"${TARGET_BUILD_DIR}/${FRAMEWORKS_FOLDER_PATH}/RxCocoa.framework",
				"${TARGET_BUILD_DIR}/${FRAMEWORKS_FOLDER_PATH}/RxSwift.framework",
			);
			runOnlyForDeploymentPostprocessing = 0;
			shellPath = /bin/sh;
			shellScript = "\"${SRCROOT}/Pods/Target Support Files/Pods-IrisTest/Pods-IrisTest-frameworks.sh\"\n";
			showEnvVarsInLog = 0;
		};
/* End PBXShellScriptBuildPhase section */

/* Begin PBXSourcesBuildPhase section */
		0E81B91C2024EAB80068096A /* Sources */ = {
			isa = PBXSourcesBuildPhase;
			buildActionMask = 2147483647;
			files = (
				0E81B9262024EAB90068096A /* ViewController.swift in Sources */,
				0E81B9382024F0930068096A /* iris_logistic_regression.mlmodel in Sources */,
				0E81B9242024EAB80068096A /* AppDelegate.swift in Sources */,
			);
			runOnlyForDeploymentPostprocessing = 0;
		};
/* End PBXSourcesBuildPhase section */

/* Begin PBXVariantGroup section */
		0E81B9272024EAB90068096A /* Main.storyboard */ = {
			isa = PBXVariantGroup;
			children = (
				0E81B9282024EAB90068096A /* Base */,
			);
			name = Main.storyboard;
			sourceTree = "<group>";
		};
		0E81B92C2024EAB90068096A /* LaunchScreen.storyboard */ = {
			isa = PBXVariantGroup;
			children = (
				0E81B92D2024EAB90068096A /* Base */,
			);
			name = LaunchScreen.storyboard;
			sourceTree = "<group>";
		};
/* End PBXVariantGroup section */

/* Begin XCBuildConfiguration section */
		0E81B9302024EAB90068096A /* Debug */ = {
			isa = XCBuildConfiguration;
			buildSettings = {
				ALWAYS_SEARCH_USER_PATHS = NO;
				CLANG_ANALYZER_NONNULL = YES;
				CLANG_ANALYZER_NUMBER_OBJECT_CONVERSION = YES_AGGRESSIVE;
				CLANG_CXX_LANGUAGE_STANDARD = "gnu++14";
				CLANG_CXX_LIBRARY = "libc++";
				CLANG_ENABLE_MODULES = YES;
				CLANG_ENABLE_OBJC_ARC = YES;
				CLANG_WARN_BLOCK_CAPTURE_AUTORELEASING = YES;
				CLANG_WARN_BOOL_CONVERSION = YES;
				CLANG_WARN_COMMA = YES;
				CLANG_WARN_CONSTANT_CONVERSION = YES;
				CLANG_WARN_DIRECT_OBJC_ISA_USAGE = YES_ERROR;
				CLANG_WARN_DOCUMENTATION_COMMENTS = YES;
				CLANG_WARN_EMPTY_BODY = YES;
				CLANG_WARN_ENUM_CONVERSION = YES;
				CLANG_WARN_INFINITE_RECURSION = YES;
				CLANG_WARN_INT_CONVERSION = YES;
				CLANG_WARN_NON_LITERAL_NULL_CONVERSION = YES;
				CLANG_WARN_OBJC_LITERAL_CONVERSION = YES;
				CLANG_WARN_OBJC_ROOT_CLASS = YES_ERROR;
				CLANG_WARN_RANGE_LOOP_ANALYSIS = YES;
				CLANG_WARN_STRICT_PROTOTYPES = YES;
				CLANG_WARN_SUSPICIOUS_MOVE = YES;
				CLANG_WARN_UNGUARDED_AVAILABILITY = YES_AGGRESSIVE;
				CLANG_WARN_UNREACHABLE_CODE = YES;
				CLANG_WARN__DUPLICATE_METHOD_MATCH = YES;
				CODE_SIGN_IDENTITY = "iPhone Developer";
				COPY_PHASE_STRIP = NO;
				DEBUG_INFORMATION_FORMAT = dwarf;
				ENABLE_STRICT_OBJC_MSGSEND = YES;
				ENABLE_TESTABILITY = YES;
				GCC_C_LANGUAGE_STANDARD = gnu11;
				GCC_DYNAMIC_NO_PIC = NO;
				GCC_NO_COMMON_BLOCKS = YES;
				GCC_OPTIMIZATION_LEVEL = 0;
				GCC_PREPROCESSOR_DEFINITIONS = (
					"DEBUG=1",
					"$(inherited)",
				);
				GCC_WARN_64_TO_32_BIT_CONVERSION = YES;
				GCC_WARN_ABOUT_RETURN_TYPE = YES_ERROR;
				GCC_WARN_UNDECLARED_SELECTOR = YES;
				GCC_WARN_UNINITIALIZED_AUTOS = YES_AGGRESSIVE;
				GCC_WARN_UNUSED_FUNCTION = YES;
				GCC_WARN_UNUSED_VARIABLE = YES;
				IPHONEOS_DEPLOYMENT_TARGET = 11.2;
				MTL_ENABLE_DEBUG_INFO = YES;
				ONLY_ACTIVE_ARCH = YES;
				SDKROOT = iphoneos;
				SWIFT_ACTIVE_COMPILATION_CONDITIONS = DEBUG;
				SWIFT_OPTIMIZATION_LEVEL = "-Onone";
			};
			name = Debug;
		};
		0E81B9312024EAB90068096A /* Release */ = {
			isa = XCBuildConfiguration;
			buildSettings = {
				ALWAYS_SEARCH_USER_PATHS = NO;
				CLANG_ANALYZER_NONNULL = YES;
				CLANG_ANALYZER_NUMBER_OBJECT_CONVERSION = YES_AGGRESSIVE;
				CLANG_CXX_LANGUAGE_STANDARD = "gnu++14";
				CLANG_CXX_LIBRARY = "libc++";
				CLANG_ENABLE_MODULES = YES;
				CLANG_ENABLE_OBJC_ARC = YES;
				CLANG_WARN_BLOCK_CAPTURE_AUTORELEASING = YES;
				CLANG_WARN_BOOL_CONVERSION = YES;
				CLANG_WARN_COMMA = YES;
				CLANG_WARN_CONSTANT_CONVERSION = YES;
				CLANG_WARN_DIRECT_OBJC_ISA_USAGE = YES_ERROR;
				CLANG_WARN_DOCUMENTATION_COMMENTS = YES;
				CLANG_WARN_EMPTY_BODY = YES;
				CLANG_WARN_ENUM_CONVERSION = YES;
				CLANG_WARN_INFINITE_RECURSION = YES;
				CLANG_WARN_INT_CONVERSION = YES;
				CLANG_WARN_NON_LITERAL_NULL_CONVERSION = YES;
				CLANG_WARN_OBJC_LITERAL_CONVERSION = YES;
				CLANG_WARN_OBJC_ROOT_CLASS = YES_ERROR;
				CLANG_WARN_RANGE_LOOP_ANALYSIS = YES;
				CLANG_WARN_STRICT_PROTOTYPES = YES;
				CLANG_WARN_SUSPICIOUS_MOVE = YES;
				CLANG_WARN_UNGUARDED_AVAILABILITY = YES_AGGRESSIVE;
				CLANG_WARN_UNREACHABLE_CODE = YES;
				CLANG_WARN__DUPLICATE_METHOD_MATCH = YES;
				CODE_SIGN_IDENTITY = "iPhone Developer";
				COPY_PHASE_STRIP = NO;
				DEBUG_INFORMATION_FORMAT = "dwarf-with-dsym";
				ENABLE_NS_ASSERTIONS = NO;
				ENABLE_STRICT_OBJC_MSGSEND = YES;
				GCC_C_LANGUAGE_STANDARD = gnu11;
				GCC_NO_COMMON_BLOCKS = YES;
				GCC_WARN_64_TO_32_BIT_CONVERSION = YES;
				GCC_WARN_ABOUT_RETURN_TYPE = YES_ERROR;
				GCC_WARN_UNDECLARED_SELECTOR = YES;
				GCC_WARN_UNINITIALIZED_AUTOS = YES_AGGRESSIVE;
				GCC_WARN_UNUSED_FUNCTION = YES;
				GCC_WARN_UNUSED_VARIABLE = YES;
				IPHONEOS_DEPLOYMENT_TARGET = 11.2;
				MTL_ENABLE_DEBUG_INFO = NO;
				SDKROOT = iphoneos;
				SWIFT_OPTIMIZATION_LEVEL = "-Owholemodule";
				VALIDATE_PRODUCT = YES;
			};
			name = Release;
		};
		0E81B9332024EAB90068096A /* Debug */ = {
			isa = XCBuildConfiguration;
			baseConfigurationReference = 46A2A27CF21CB6B313FBD3C0 /* Pods-IrisTest.debug.xcconfig */;
			buildSettings = {
				ASSETCATALOG_COMPILER_APPICON_NAME = AppIcon;
				CODE_SIGN_STYLE = Automatic;
				DEVELOPMENT_TEAM = 4GZYFCNRY8;
				INFOPLIST_FILE = IrisTest/Info.plist;
				LD_RUNPATH_SEARCH_PATHS = "$(inherited) @executable_path/Frameworks";
				PRODUCT_BUNDLE_IDENTIFIER = me.moments4.IrisTest;
				PRODUCT_NAME = "$(TARGET_NAME)";
				SWIFT_VERSION = 4.0;
				TARGETED_DEVICE_FAMILY = "1,2";
			};
			name = Debug;
		};
		0E81B9342024EAB90068096A /* Release */ = {
			isa = XCBuildConfiguration;
			baseConfigurationReference = B07B97DA4B440C7DADDC2960 /* Pods-IrisTest.release.xcconfig */;
			buildSettings = {
				ASSETCATALOG_COMPILER_APPICON_NAME = AppIcon;
				CODE_SIGN_STYLE = Automatic;
				DEVELOPMENT_TEAM = 4GZYFCNRY8;
				INFOPLIST_FILE = IrisTest/Info.plist;
				LD_RUNPATH_SEARCH_PATHS = "$(inherited) @executable_path/Frameworks";
				PRODUCT_BUNDLE_IDENTIFIER = me.moments4.IrisTest;
				PRODUCT_NAME = "$(TARGET_NAME)";
				SWIFT_VERSION = 4.0;
				TARGETED_DEVICE_FAMILY = "1,2";
			};
			name = Release;
		};
/* End XCBuildConfiguration section */

/* Begin XCConfigurationList section */
		0E81B91B2024EAB80068096A /* Build configuration list for PBXProject "IrisTest" */ = {
			isa = XCConfigurationList;
			buildConfigurations = (
				0E81B9302024EAB90068096A /* Debug */,
				0E81B9312024EAB90068096A /* Release */,
			);
			defaultConfigurationIsVisible = 0;
			defaultConfigurationName = Release;
		};
		0E81B9322024EAB90068096A /* Build configuration list for PBXNativeTarget "IrisTest" */ = {
			isa = XCConfigurationList;
			buildConfigurations = (
				0E81B9332024EAB90068096A /* Debug */,
				0E81B9342024EAB90068096A /* Release */,
			);
			defaultConfigurationIsVisible = 0;
			defaultConfigurationName = Release;
		};
/* End XCConfigurationList section */
	};
	rootObject = 0E81B9182024EAB80068096A /* Project object */;
}
